{
  "name": "teledrive",
  "version": "1.6.0",
  "lockfileVersion": 3,
  "requires": true,
  "packages": {
    "": {
      "name": "teledrive",
      "version": "1.6.0",
      "license": "MIT",
      "bin": {
        "teledrive": "bin/teledrive.js"
      },
      "engines": {
        "node": ">=16.0.0"
      }
    }
  }
}
